lockfileVersion: '6.0'

settings:
  autoInstallPeers: true
  excludeLinksFromLockfile: false

dependencies:
  axios:
    specifier: ^1.4.0
    version: 1.4.0
  element-plus:
    specifier: ^2.3.7
    version: 2.3.7(vue@3.2.8)
  vue:
    specifier: ^3.2.8
    version: 3.2.8
  vue-router:
    specifier: ^4.2.2
    version: 4.2.2(vue@3.2.8)

devDependencies:
  '@types/axios':
    specifier: ^0.14.0
    version: 0.14.0
  '@vitejs/plugin-vue':
    specifier: ^1.6.0
    version: 1.6.0(@vue/compiler-sfc@3.2.6)
  '@vue/compiler-sfc':
    specifier: ^3.2.6
    version: 3.2.6(lodash@4.17.21)
  vite:
    specifier: ^2.5.2
    version: 2.5.2

packages:

  /@babel/helper-string-parser@7.22.5:
    resolution: {integrity: sha512-mM4COjgZox8U+JcXQwPijIZLElkgEpO5rsERVDJTc2qfCDfERyob6k5WegS14SX18IIjv+XD+GrqNumY5JRCDw==}
    engines: {node: '>=6.9.0'}

  /@babel/helper-validator-identifier@7.22.5:
    resolution: {integrity: sha512-aJXu+6lErq8ltp+JhkJUfk1MTGyuA4v7f3pA+BJ5HLfNC6nAQ0Cpi9uOquUj8Hehg0aUiHzWQbOVJGao6ztBAQ==}
    engines: {node: '>=6.9.0'}

  /@babel/parser@7.22.6:
    resolution: {integrity: sha512-EIQu22vNkceq3LbjAq7knDf/UmtI2qbcNI8GRBlijez6TpQLvSodJPYfydQmNA5buwkxxxa/PVI44jjYZ+/cLw==}
    engines: {node: '>=6.0.0'}
    hasBin: true
    dependencies:
      '@babel/types': 7.22.5

  /@babel/types@7.22.5:
    resolution: {integrity: sha512-zo3MIHGOkPOfoRXitsgHLjEXmlDaD/5KU1Uzuc9GNiZPhSqVxVRtxuPaSBZDsYZ9qV88AjtMtWW7ww98loJ9KA==}
    engines: {node: '>=6.9.0'}
    dependencies:
      '@babel/helper-string-parser': 7.22.5
      '@babel/helper-validator-identifier': 7.22.5
      to-fast-properties: 2.0.0

  /@ctrl/tinycolor@3.6.0:
    resolution: {integrity: sha512-/Z3l6pXthq0JvMYdUFyX9j0MaCltlIn6mfh9jLyQwg5aPKxkyNa0PTHtU1AlFXLNk55ZuAeJRcpvq+tmLfKmaQ==}
    engines: {node: '>=10'}
    dev: false

  /@element-plus/icons-vue@2.1.0(vue@3.2.8):
    resolution: {integrity: sha512-PSBn3elNoanENc1vnCfh+3WA9fimRC7n+fWkf3rE5jvv+aBohNHABC/KAR5KWPecxWxDTVT1ERpRbOMRcOV/vA==}
    peerDependencies:
      vue: ^3.2.0
    dependencies:
      vue: 3.2.8
    dev: false

  /@floating-ui/core@1.3.1:
    resolution: {integrity: sha512-Bu+AMaXNjrpjh41znzHqaz3r2Nr8hHuHZT6V2LBKMhyMl0FgKA62PNYbqnfgmzOhoWZj70Zecisbo4H1rotP5g==}
    dev: false

  /@floating-ui/dom@1.4.3:
    resolution: {integrity: sha512-nB/68NyaQlcdY22L+Fgd1HERQ7UGv7XFN+tPxwrEfQL4nKtAP/jIZnZtpUlXbtV+VEGHh6W/63Gy2C5biWI3sA==}
    dependencies:
      '@floating-ui/core': 1.3.1
    dev: false

  /@sxzz/popperjs-es@2.11.7:
    resolution: {integrity: sha512-Ccy0NlLkzr0Ex2FKvh2X+OyERHXJ88XJ1MXtsI9y9fGexlaXaVTPzBCRBwIxFkORuOb+uBqeu+RqnpgYTEZRUQ==}
    dev: false

  /@types/axios@0.14.0:
    resolution: {integrity: sha512-KqQnQbdYE54D7oa/UmYVMZKq7CO4l8DEENzOKc4aBRwxCXSlJXGz83flFx5L7AWrOQnmuN3kVsRdt+GZPPjiVQ==}
    deprecated: This is a stub types definition for axios (https://github.com/mzabriskie/axios). axios provides its own type definitions, so you don't need @types/axios installed!
    dependencies:
      axios: 1.4.0
    transitivePeerDependencies:
      - debug
    dev: true

  /@types/estree@0.0.48:
    resolution: {integrity: sha512-LfZwXoGUDo0C3me81HXgkBg5CTQYb6xzEl+fNmbO4JdRiSKQ8A0GD1OBBvKAIsbCUgoyAty7m99GqqMQe784ew==}
    dev: true

  /@types/lodash-es@4.17.7:
    resolution: {integrity: sha512-z0ptr6UI10VlU6l5MYhGwS4mC8DZyYer2mCoyysZtSF7p26zOX8UpbrV0YpNYLGS8K4PUFIyEr62IMFFjveSiQ==}
    dependencies:
      '@types/lodash': 4.14.195
    dev: false

  /@types/lodash@4.14.195:
    resolution: {integrity: sha512-Hwx9EUgdwf2GLarOjQp5ZH8ZmblzcbTBC2wtQWNKARBSxM9ezRIAUpeDTgoQRAFB0+8CNWXVA9+MaSOzOF3nPg==}
    dev: false

  /@types/web-bluetooth@0.0.16:
    resolution: {integrity: sha512-oh8q2Zc32S6gd/j50GowEjKLoOVOwHP/bWVjKJInBwQqdOYMdPrf1oVlelTlyfFK3CKxL1uahMDAr+vy8T7yMQ==}
    dev: false

  /@vitejs/plugin-vue@1.6.0(@vue/compiler-sfc@3.2.6):
    resolution: {integrity: sha512-n3i8htn8pTg9M+kM3cnEfsPZx/6ngInlTroth6fA1LQTJq5aTVQ8ggaE5pPoAy9vCgHPtcaXMzwpldhqRAkebQ==}
    engines: {node: '>=12.0.0'}
    peerDependencies:
      '@vue/compiler-sfc': ^3.2.6
    dependencies:
      '@vue/compiler-sfc': 3.2.6(lodash@4.17.21)
    dev: true

  /@vue/compiler-core@3.2.6:
    resolution: {integrity: sha512-vbwnz7+OhtLO5p5i630fTuQCL+MlUpEMTKHuX+RfetQ+3pFCkItt2JUH+9yMaBG2Hkz6av+T9mwN/acvtIwpbw==}
    dependencies:
      '@babel/parser': 7.22.6
      '@babel/types': 7.22.5
      '@vue/shared': 3.2.6
      estree-walker: 2.0.2
      source-map: 0.6.1
    dev: true

  /@vue/compiler-core@3.2.8:
    resolution: {integrity: sha512-Sx8qJ030+QM/NakUrkQuUGCeDEb+0d0AgFOl5W4qRvR6e+YgLnW2ew0jREf4T1hak9Fdk8Edl67StECHrhEuew==}
    dependencies:
      '@babel/parser': 7.22.6
      '@babel/types': 7.22.5
      '@vue/shared': 3.2.8
      estree-walker: 2.0.2
      source-map: 0.6.1
    dev: false

  /@vue/compiler-dom@3.2.6:
    resolution: {integrity: sha512-+a/3oBAzFIXhHt8L5IHJOTP4a5egzvpXYyi13jR7CUYOR1S+Zzv7vBWKYBnKyJLwnrxTZnTQVjeHCgJq743XKg==}
    dependencies:
      '@vue/compiler-core': 3.2.6
      '@vue/shared': 3.2.6
    dev: true

  /@vue/compiler-dom@3.2.8:
    resolution: {integrity: sha512-nxBW6k8FMWQ74294CRbqR+iEJRO5vIjx85I3YCOyZFD6FsDHyFL60g76TcJzucp+F2XXIDaYz+A+F4gQlDatjw==}
    dependencies:
      '@vue/compiler-core': 3.2.8
      '@vue/shared': 3.2.8
    dev: false

  /@vue/compiler-sfc@3.2.6(lodash@4.17.21):
    resolution: {integrity: sha512-Ariz1eDsf+2fw6oWXVwnBNtfKHav72RjlWXpEgozYBLnfRPzP+7jhJRw4Nq0OjSsLx2HqjF3QX7HutTjYB0/eA==}
    dependencies:
      '@babel/parser': 7.22.6
      '@babel/types': 7.22.5
      '@types/estree': 0.0.48
      '@vue/compiler-core': 3.2.6
      '@vue/compiler-dom': 3.2.6
      '@vue/compiler-ssr': 3.2.6
      '@vue/ref-transform': 3.2.6
      '@vue/shared': 3.2.6
      consolidate: 0.16.0(lodash@4.17.21)
      estree-walker: 2.0.2
      hash-sum: 2.0.0
      lru-cache: 5.1.1
      magic-string: 0.25.9
      merge-source-map: 1.1.0
      postcss: 8.4.24
      postcss-modules: 4.3.1(postcss@8.4.24)
      postcss-selector-parser: 6.0.13
      source-map: 0.6.1
    transitivePeerDependencies:
      - arc-templates
      - atpl
      - babel-core
      - bracket-template
      - coffee-script
      - dot
      - dust
      - dustjs-helpers
      - dustjs-linkedin
      - eco
      - ect
      - ejs
      - haml-coffee
      - hamlet
      - hamljs
      - handlebars
      - hogan.js
      - htmling
      - jade
      - jazz
      - jqtpl
      - just
      - liquid-node
      - liquor
      - lodash
      - marko
      - mote
      - mustache
      - nunjucks
      - plates
      - pug
      - qejs
      - ractive
      - razor-tmpl
      - react
      - react-dom
      - slm
      - squirrelly
      - swig
      - swig-templates
      - teacup
      - templayed
      - then-jade
      - then-pug
      - tinyliquid
      - toffee
      - twig
      - twing
      - underscore
      - vash
      - velocityjs
      - walrus
      - whiskers
    dev: true

  /@vue/compiler-ssr@3.2.6:
    resolution: {integrity: sha512-A7IKRKHSyPnTC4w1FxHkjzoyjXInsXkcs/oX22nBQ+6AWlXj2Tt1le96CWPOXy5vYlsTYkF1IgfBaKIdeN/39g==}
    dependencies:
      '@vue/compiler-dom': 3.2.6
      '@vue/shared': 3.2.6
    dev: true

  /@vue/devtools-api@6.5.0:
    resolution: {integrity: sha512-o9KfBeaBmCKl10usN4crU53fYtC1r7jJwdGKjPT24t348rHxgfpZ0xL3Xm/gLUYnc0oTp8LAmrxOeLyu6tbk2Q==}
    dev: false

  /@vue/reactivity@3.2.8:
    resolution: {integrity: sha512-/Hj3Uz28SG+xB5SDWPOXUs0emvHkq82EmTgk44/plTVFeswCZ3i3Hd7WmsrPT4rGajlDKd5uqMmW0ith1ED0FA==}
    dependencies:
      '@vue/shared': 3.2.8
    dev: false

  /@vue/ref-transform@3.2.6:
    resolution: {integrity: sha512-ie39+Y4nbirDLvH+WEq6Eo/l3n3mFATayqR+kEMSphrtMW6Uh/eEMx1Gk2Jnf82zmj3VLRq7dnmPx72JLcBYkQ==}
    dependencies:
      '@babel/parser': 7.22.6
      '@vue/compiler-core': 3.2.6
      '@vue/shared': 3.2.6
      estree-walker: 2.0.2
      magic-string: 0.25.9
    dev: true

  /@vue/runtime-core@3.2.8:
    resolution: {integrity: sha512-hwzXLGw1njBEY5JSyRXIIdCtzMFFF6F38WcKMmoIE3p7da30jEbWt8EwwrBomjT8ZbqzElOGlewBcnXNOiiIUg==}
    dependencies:
      '@vue/reactivity': 3.2.8
      '@vue/shared': 3.2.8
    dev: false

  /@vue/runtime-dom@3.2.8:
    resolution: {integrity: sha512-A/aRrlGLJ5y4Z7eNbnO/xHwx2RiPijQo7D3OIwESroG3HNP+dpuoqamajo5TXS9ZGjbMOih82COoe7xb9P4BZw==}
    dependencies:
      '@vue/runtime-core': 3.2.8
      '@vue/shared': 3.2.8
      csstype: 2.6.21
    dev: false

  /@vue/shared@3.2.6:
    resolution: {integrity: sha512-uwX0Qs2e6kdF+WmxwuxJxOnKs/wEkMArtYpHSm7W+VY/23Tl8syMRyjnzEeXrNCAP0/8HZxEGkHJsjPEDNRuHw==}
    dev: true

  /@vue/shared@3.2.8:
    resolution: {integrity: sha512-E2DQQnG7Qr4GwTs3GlfPPlHliGVADoufTnhpwfoViw7JlyLMmYtjfnTwM6nXAwvSJWiF7D+7AxpnWBBT3VWo6Q==}
    dev: false

  /@vueuse/core@9.13.0(vue@3.2.8):
    resolution: {integrity: sha512-pujnclbeHWxxPRqXWmdkKV5OX4Wk4YeK7wusHqRwU0Q7EFusHoqNA/aPhB6KCh9hEqJkLAJo7bb0Lh9b+OIVzw==}
    dependencies:
      '@types/web-bluetooth': 0.0.16
      '@vueuse/metadata': 9.13.0
      '@vueuse/shared': 9.13.0(vue@3.2.8)
      vue-demi: 0.14.5(vue@3.2.8)
    transitivePeerDependencies:
      - '@vue/composition-api'
      - vue
    dev: false

  /@vueuse/metadata@9.13.0:
    resolution: {integrity: sha512-gdU7TKNAUVlXXLbaF+ZCfte8BjRJQWPCa2J55+7/h+yDtzw3vOoGQDRXzI6pyKyo6bXFT5/QoPE4hAknExjRLQ==}
    dev: false

  /@vueuse/shared@9.13.0(vue@3.2.8):
    resolution: {integrity: sha512-UrnhU+Cnufu4S6JLCPZnkWh0WwZGUp72ktOF2DFptMlOs3TOdVv8xJN53zhHGARmVOsz5KqOls09+J1NR6sBKw==}
    dependencies:
      vue-demi: 0.14.5(vue@3.2.8)
    transitivePeerDependencies:
      - '@vue/composition-api'
      - vue
    dev: false

  /async-validator@4.2.5:
    resolution: {integrity: sha512-7HhHjtERjqlNbZtqNqy2rckN/SpOOlmDliet+lP7k+eKZEjPk3DgyeU9lIXLdeLz0uBbbVp+9Qdow9wJWgwwfg==}
    dev: false

  /asynckit@0.4.0:
    resolution: {integrity: sha512-Oei9OH4tRh0YqU3GxhX79dM/mwVgvbZJaSNaRk+bshkj0S5cfHcgYakreBjrHwatXKbz+IoIdYLxrKim2MjW0Q==}

  /axios@1.4.0:
    resolution: {integrity: sha512-S4XCWMEmzvo64T9GfvQDOXgYRDJ/wsSZc7Jvdgx5u1sd0JwsuPLqb3SYmusag+edF6ziyMensPVqLTSc1PiSEA==}
    dependencies:
      follow-redirects: 1.15.2
      form-data: 4.0.0
      proxy-from-env: 1.1.0
    transitivePeerDependencies:
      - debug

  /bluebird@3.7.2:
    resolution: {integrity: sha512-XpNj6GDQzdfW+r2Wnn7xiSAd7TM3jzkxGXBGTtWKuSXv1xUV+azxAm8jdWZN06QTQk+2N2XB9jRDkvbmQmcRtg==}
    dev: true

  /combined-stream@1.0.8:
    resolution: {integrity: sha512-FQN4MRfuJeHf7cBbBMJFXhKSDq+2kAArBlmRBvcvFE5BB1HZKXtSFASDhdlz9zOYwxh8lDdnvmMOe/+5cdoEdg==}
    engines: {node: '>= 0.8'}
    dependencies:
      delayed-stream: 1.0.0

  /consolidate@0.16.0(lodash@4.17.21):
    resolution: {integrity: sha512-Nhl1wzCslqXYTJVDyJCu3ODohy9OfBMB5uD2BiBTzd7w+QY0lBzafkR8y8755yMYHAaMD4NuzbAw03/xzfw+eQ==}
    engines: {node: '>= 0.10.0'}
    deprecated: Please upgrade to consolidate v1.0.0+ as it has been modernized with several long-awaited fixes implemented. Maintenance is supported by Forward Email at https://forwardemail.net ; follow/watch https://github.com/ladjs/consolidate for updates and release changelog
    peerDependencies:
      arc-templates: ^0.5.3
      atpl: '>=0.7.6'
      babel-core: ^6.26.3
      bracket-template: ^1.1.5
      coffee-script: ^1.12.7
      dot: ^1.1.3
      dust: ^0.3.0
      dustjs-helpers: ^1.7.4
      dustjs-linkedin: ^2.7.5
      eco: ^1.1.0-rc-3
      ect: ^0.5.9
      ejs: ^3.1.5
      haml-coffee: ^1.14.1
      hamlet: ^0.3.3
      hamljs: ^0.6.2
      handlebars: ^4.7.6
      hogan.js: ^3.0.2
      htmling: ^0.0.8
      jade: ^1.11.0
      jazz: ^0.0.18
      jqtpl: ~1.1.0
      just: ^0.1.8
      liquid-node: ^3.0.1
      liquor: ^0.0.5
      lodash: ^4.17.20
      marko: ^3.14.4
      mote: ^0.2.0
      mustache: ^4.0.1
      nunjucks: ^3.2.2
      plates: ~0.4.11
      pug: ^3.0.0
      qejs: ^3.0.5
      ractive: ^1.3.12
      razor-tmpl: ^1.3.1
      react: ^16.13.1
      react-dom: ^16.13.1
      slm: ^2.0.0
      squirrelly: ^5.1.0
      swig: ^1.4.2
      swig-templates: ^2.0.3
      teacup: ^2.0.0
      templayed: '>=0.2.3'
      then-jade: '*'
      then-pug: '*'
      tinyliquid: ^0.2.34
      toffee: ^0.3.6
      twig: ^1.15.2
      twing: ^5.0.2
      underscore: ^1.11.0
      vash: ^0.13.0
      velocityjs: ^2.0.1
      walrus: ^0.10.1
      whiskers: ^0.4.0
    peerDependenciesMeta:
      arc-templates:
        optional: true
      atpl:
        optional: true
      babel-core:
        optional: true
      bracket-template:
        optional: true
      coffee-script:
        optional: true
      dot:
        optional: true
      dust:
        optional: true
      dustjs-helpers:
        optional: true
      dustjs-linkedin:
        optional: true
      eco:
        optional: true
      ect:
        optional: true
      ejs:
        optional: true
      haml-coffee:
        optional: true
      hamlet:
        optional: true
      hamljs:
        optional: true
      handlebars:
        optional: true
      hogan.js:
        optional: true
      htmling:
        optional: true
      jade:
        optional: true
      jazz:
        optional: true
      jqtpl:
        optional: true
      just:
        optional: true
      liquid-node:
        optional: true
      liquor:
        optional: true
      lodash:
        optional: true
      marko:
        optional: true
      mote:
        optional: true
      mustache:
        optional: true
      nunjucks:
        optional: true
      plates:
        optional: true
      pug:
        optional: true
      qejs:
        optional: true
      ractive:
        optional: true
      razor-tmpl:
        optional: true
      react:
        optional: true
      react-dom:
        optional: true
      slm:
        optional: true
      squirrelly:
        optional: true
      swig:
        optional: true
      swig-templates:
        optional: true
      teacup:
        optional: true
      templayed:
        optional: true
      then-jade:
        optional: true
      then-pug:
        optional: true
      tinyliquid:
        optional: true
      toffee:
        optional: true
      twig:
        optional: true
      twing:
        optional: true
      underscore:
        optional: true
      vash:
        optional: true
      velocityjs:
        optional: true
      walrus:
        optional: true
      whiskers:
        optional: true
    dependencies:
      bluebird: 3.7.2
      lodash: 4.17.21
    dev: true

  /cssesc@3.0.0:
    resolution: {integrity: sha512-/Tb/JcjK111nNScGob5MNtsntNM1aCNUDipB/TkwZFhyDrrE47SOx/18wF2bbjgc3ZzCSKW1T5nt5EbFoAz/Vg==}
    engines: {node: '>=4'}
    hasBin: true
    dev: true

  /csstype@2.6.21:
    resolution: {integrity: sha512-Z1PhmomIfypOpoMjRQB70jfvy/wxT50qW08YXO5lMIJkrdq4yOTR+AW7FqutScmB9NkLwxo+jU+kZLbofZZq/w==}
    dev: false

  /dayjs@1.11.9:
    resolution: {integrity: sha512-QvzAURSbQ0pKdIye2txOzNaHmxtUBXerpY0FJsFXUMKbIZeFm5ht1LS/jFsrncjnmtv8HsG0W2g6c0zUjZWmpA==}
    dev: false

  /delayed-stream@1.0.0:
    resolution: {integrity: sha512-ZySD7Nf91aLB0RxL4KGrKHBXl7Eds1DAmEdcoVawXnLD7SDhpNgtuII2aAkg7a7QS41jxPSZ17p4VdGnMHk3MQ==}
    engines: {node: '>=0.4.0'}

  /element-plus@2.3.7(vue@3.2.8):
    resolution: {integrity: sha512-h6TxclbaLUJxg/Bv5j/ZKsK+K5yadQliw5+R30HWyE69pXlqXTX24oYx+yw3pA4Dy+lqEDi5501FQ0CORk3OSA==}
    peerDependencies:
      vue: ^3.2.0
    dependencies:
      '@ctrl/tinycolor': 3.6.0
      '@element-plus/icons-vue': 2.1.0(vue@3.2.8)
      '@floating-ui/dom': 1.4.3
      '@popperjs/core': /@sxzz/popperjs-es@2.11.7
      '@types/lodash': 4.14.195
      '@types/lodash-es': 4.17.7
      '@vueuse/core': 9.13.0(vue@3.2.8)
      async-validator: 4.2.5
      dayjs: 1.11.9
      escape-html: 1.0.3
      lodash: 4.17.21
      lodash-es: 4.17.21
      lodash-unified: 1.0.3(@types/lodash-es@4.17.7)(lodash-es@4.17.21)(lodash@4.17.21)
      memoize-one: 6.0.0
      normalize-wheel-es: 1.2.0
      vue: 3.2.8
    transitivePeerDependencies:
      - '@vue/composition-api'
    dev: false

  /esbuild@0.12.29:
    resolution: {integrity: sha512-w/XuoBCSwepyiZtIRsKsetiLDUVGPVw1E/R3VTFSecIy8UR7Cq3SOtwKHJMFoVqqVG36aGkzh4e8BvpO1Fdc7g==}
    hasBin: true
    requiresBuild: true
    dev: true

  /escape-html@1.0.3:
    resolution: {integrity: sha512-NiSupZ4OeuGwr68lGIeym/ksIZMJodUGOSCZ/FSnTxcrekbvqrgdUxlJOMpijaKZVjAJrWrGs/6Jy8OMuyj9ow==}
    dev: false

  /estree-walker@2.0.2:
    resolution: {integrity: sha512-Rfkk/Mp/DL7JVje3u18FxFujQlTNR2q6QfMSMB7AvCBx91NGj/ba3kCfza0f6dVDbw7YlRf/nDrn7pQrCCyQ/w==}

  /follow-redirects@1.15.2:
    resolution: {integrity: sha512-VQLG33o04KaQ8uYi2tVNbdrWp1QWxNNea+nmIB4EVM28v0hmP17z7aG1+wAkNzVq4KeXTq3221ye5qTJP91JwA==}
    engines: {node: '>=4.0'}
    peerDependencies:
      debug: '*'
    peerDependenciesMeta:
      debug:
        optional: true

  /form-data@4.0.0:
    resolution: {integrity: sha512-ETEklSGi5t0QMZuiXoA/Q6vcnxcLQP5vdugSpuAyi6SVGi2clPPp+xgEhuMaHC+zGgn31Kd235W35f7Hykkaww==}
    engines: {node: '>= 6'}
    dependencies:
      asynckit: 0.4.0
      combined-stream: 1.0.8
      mime-types: 2.1.35

  /fsevents@2.3.2:
    resolution: {integrity: sha512-xiqMQR4xAeHTuB9uWm+fFRcIOgKBMiOBP+eXiyT7jsgVCq1bkVygt00oASowB7EdtpOHaaPgKt812P9ab+DDKA==}
    engines: {node: ^8.16.0 || ^10.6.0 || >=11.0.0}
    os: [darwin]
    requiresBuild: true
    dev: true
    optional: true

  /function-bind@1.1.1:
    resolution: {integrity: sha512-yIovAzMX49sF8Yl58fSCWJ5svSLuaibPxXQJFLmBObTuCr0Mf1KiPopGM9NiFjiYBCbfaa2Fh6breQ6ANVTI0A==}
    dev: true

  /generic-names@4.0.0:
    resolution: {integrity: sha512-ySFolZQfw9FoDb3ed9d80Cm9f0+r7qj+HJkWjeD9RBfpxEVTlVhol+gvaQB/78WbwYfbnNh8nWHHBSlg072y6A==}
    dependencies:
      loader-utils: 3.2.1
    dev: true

  /has@1.0.3:
    resolution: {integrity: sha512-f2dvO0VU6Oej7RkWJGrehjbzMAjFp5/VKPp5tTpWIV4JHHZK1/BxbFRtf/siA2SWTe09caDmVtYYzWEIbBS4zw==}
    engines: {node: '>= 0.4.0'}
    dependencies:
      function-bind: 1.1.1
    dev: true

  /hash-sum@2.0.0:
    resolution: {integrity: sha512-WdZTbAByD+pHfl/g9QSsBIIwy8IT+EsPiKDs0KNX+zSHhdDLFKdZu0BQHljvO+0QI/BasbMSUa8wYNCZTvhslg==}
    dev: true

  /icss-replace-symbols@1.1.0:
    resolution: {integrity: sha512-chIaY3Vh2mh2Q3RGXttaDIzeiPvaVXJ+C4DAh/w3c37SKZ/U6PGMmuicR2EQQp9bKG8zLMCl7I+PtIoOOPp8Gg==}
    dev: true

  /icss-utils@5.1.0(postcss@8.4.24):
    resolution: {integrity: sha512-soFhflCVWLfRNOPU3iv5Z9VUdT44xFRbzjLsEzSr5AQmgqPMTHdU3PMT1Cf1ssx8fLNJDA1juftYl+PUcv3MqA==}
    engines: {node: ^10 || ^12 || >= 14}
    peerDependencies:
      postcss: ^8.1.0
    dependencies:
      postcss: 8.4.24
    dev: true

  /is-core-module@2.12.1:
    resolution: {integrity: sha512-Q4ZuBAe2FUsKtyQJoQHlvP8OvBERxO3jEmy1I7hcRXcJBGGHFh/aJBswbXuS9sgrDH2QUO8ilkwNPHvHMd8clg==}
    dependencies:
      has: 1.0.3
    dev: true

  /loader-utils@3.2.1:
    resolution: {integrity: sha512-ZvFw1KWS3GVyYBYb7qkmRM/WwL2TQQBxgCK62rlvm4WpVQ23Nb4tYjApUlfjrEGvOs7KHEsmyUn75OHZrJMWPw==}
    engines: {node: '>= 12.13.0'}
    dev: true

  /lodash-es@4.17.21:
    resolution: {integrity: sha512-mKnC+QJ9pWVzv+C4/U3rRsHapFfHvQFoFB92e52xeyGMcX6/OlIl78je1u8vePzYZSkkogMPJ2yjxxsb89cxyw==}
    dev: false

  /lodash-unified@1.0.3(@types/lodash-es@4.17.7)(lodash-es@4.17.21)(lodash@4.17.21):
    resolution: {integrity: sha512-WK9qSozxXOD7ZJQlpSqOT+om2ZfcT4yO+03FuzAHD0wF6S0l0090LRPDx3vhTTLZ8cFKpBn+IOcVXK6qOcIlfQ==}
    peerDependencies:
      '@types/lodash-es': '*'
      lodash: '*'
      lodash-es: '*'
    dependencies:
      '@types/lodash-es': 4.17.7
      lodash: 4.17.21
      lodash-es: 4.17.21
    dev: false

  /lodash.camelcase@4.3.0:
    resolution: {integrity: sha512-TwuEnCnxbc3rAvhf/LbG7tJUDzhqXyFnv3dtzLOPgCG/hODL7WFnsbwktkD7yUV0RrreP/l1PALq/YSg6VvjlA==}
    dev: true

  /lodash@4.17.21:
    resolution: {integrity: sha512-v2kDEe57lecTulaDIuNTPy3Ry4gLGJ6Z1O3vE1krgXZNrsQ+LFTGHVxVjcXPs17LhbZVGedAJv8XZ1tvj5FvSg==}

  /lru-cache@5.1.1:
    resolution: {integrity: sha512-KpNARQA3Iwv+jTA0utUVVbrh+Jlrr1Fv0e56GGzAFOXN7dk/FviaDW8LHmK52DlcH4WP2n6gI8vN1aesBFgo9w==}
    dependencies:
      yallist: 3.1.1
    dev: true

  /magic-string@0.25.9:
    resolution: {integrity: sha512-RmF0AsMzgt25qzqqLc1+MbHmhdx0ojF2Fvs4XnOqz2ZOBXzzkEwc/dJQZCYHAn7v1jbVOjAZfK8msRn4BxO4VQ==}
    dependencies:
      sourcemap-codec: 1.4.8
    dev: true

  /memoize-one@6.0.0:
    resolution: {integrity: sha512-rkpe71W0N0c0Xz6QD0eJETuWAJGnJ9afsl1srmwPrI+yBCkge5EycXXbYRyvL29zZVUWQCY7InPRCv3GDXuZNw==}
    dev: false

  /merge-source-map@1.1.0:
    resolution: {integrity: sha512-Qkcp7P2ygktpMPh2mCQZaf3jhN6D3Z/qVZHSdWvQ+2Ef5HgRAPBO57A77+ENm0CPx2+1Ce/MYKi3ymqdfuqibw==}
    dependencies:
      source-map: 0.6.1
    dev: true

  /mime-db@1.52.0:
    resolution: {integrity: sha512-sPU4uV7dYlvtWJxwwxHD0PuihVNiE7TyAbQ5SWxDCB9mUYvOgroQOwYQQOKPJ8CIbE+1ETVlOoK1UC2nU3gYvg==}
    engines: {node: '>= 0.6'}

  /mime-types@2.1.35:
    resolution: {integrity: sha512-ZDY+bPm5zTTF+YpCrAU9nK0UgICYPT0QtT1NZWFv4s++TNkcgVaT0g6+4R2uI4MjQjzysHB1zxuWL50hzaeXiw==}
    engines: {node: '>= 0.6'}
    dependencies:
      mime-db: 1.52.0

  /nanoid@3.3.6:
    resolution: {integrity: sha512-BGcqMMJuToF7i1rt+2PWSNVnWIkGCU78jBG3RxO/bZlnZPK2Cmi2QaffxGO/2RvWi9sL+FAiRiXMgsyxQ1DIDA==}
    engines: {node: ^10 || ^12 || ^13.7 || ^14 || >=15.0.1}
    hasBin: true
    dev: true

  /normalize-wheel-es@1.2.0:
    resolution: {integrity: sha512-Wj7+EJQ8mSuXr2iWfnujrimU35R2W4FAErEyTmJoJ7ucwTn2hOUSsRehMb5RSYkxXGTM7Y9QpvPmp++w5ftoJw==}
    dev: false

  /path-parse@1.0.7:
    resolution: {integrity: sha512-LDJzPVEEEPR+y48z93A0Ed0yXb8pAByGWo/k5YYdYgpY2/2EsOsksJrq7lOHxryrVOn1ejG6oAp8ahvOIQD8sw==}
    dev: true

  /picocolors@1.0.0:
    resolution: {integrity: sha512-1fygroTLlHu66zi26VoTDv8yRgm0Fccecssto+MhsZ0D/DGW2sm8E8AjW7NU5VVTRt5GxbeZ5qBuJr+HyLYkjQ==}
    dev: true

  /postcss-modules-extract-imports@3.0.0(postcss@8.4.24):
    resolution: {integrity: sha512-bdHleFnP3kZ4NYDhuGlVK+CMrQ/pqUm8bx/oGL93K6gVwiclvX5x0n76fYMKuIGKzlABOy13zsvqjb0f92TEXw==}
    engines: {node: ^10 || ^12 || >= 14}
    peerDependencies:
      postcss: ^8.1.0
    dependencies:
      postcss: 8.4.24
    dev: true

  /postcss-modules-local-by-default@4.0.3(postcss@8.4.24):
    resolution: {integrity: sha512-2/u2zraspoACtrbFRnTijMiQtb4GW4BvatjaG/bCjYQo8kLTdevCUlwuBHx2sCnSyrI3x3qj4ZK1j5LQBgzmwA==}
    engines: {node: ^10 || ^12 || >= 14}
    peerDependencies:
      postcss: ^8.1.0
    dependencies:
      icss-utils: 5.1.0(postcss@8.4.24)
      postcss: 8.4.24
      postcss-selector-parser: 6.0.13
      postcss-value-parser: 4.2.0
    dev: true

  /postcss-modules-scope@3.0.0(postcss@8.4.24):
    resolution: {integrity: sha512-hncihwFA2yPath8oZ15PZqvWGkWf+XUfQgUGamS4LqoP1anQLOsOJw0vr7J7IwLpoY9fatA2qiGUGmuZL0Iqlg==}
    engines: {node: ^10 || ^12 || >= 14}
    peerDependencies:
      postcss: ^8.1.0
    dependencies:
      postcss: 8.4.24
      postcss-selector-parser: 6.0.13
    dev: true

  /postcss-modules-values@4.0.0(postcss@8.4.24):
    resolution: {integrity: sha512-RDxHkAiEGI78gS2ofyvCsu7iycRv7oqw5xMWn9iMoR0N/7mf9D50ecQqUo5BZ9Zh2vH4bCUR/ktCqbB9m8vJjQ==}
    engines: {node: ^10 || ^12 || >= 14}
    peerDependencies:
      postcss: ^8.1.0
    dependencies:
      icss-utils: 5.1.0(postcss@8.4.24)
      postcss: 8.4.24
    dev: true

  /postcss-modules@4.3.1(postcss@8.4.24):
    resolution: {integrity: sha512-ItUhSUxBBdNamkT3KzIZwYNNRFKmkJrofvC2nWab3CPKhYBQ1f27XXh1PAPE27Psx58jeelPsxWB/+og+KEH0Q==}
    peerDependencies:
      postcss: ^8.0.0
    dependencies:
      generic-names: 4.0.0
      icss-replace-symbols: 1.1.0
      lodash.camelcase: 4.3.0
      postcss: 8.4.24
      postcss-modules-extract-imports: 3.0.0(postcss@8.4.24)
      postcss-modules-local-by-default: 4.0.3(postcss@8.4.24)
      postcss-modules-scope: 3.0.0(postcss@8.4.24)
      postcss-modules-values: 4.0.0(postcss@8.4.24)
      string-hash: 1.1.3
    dev: true

  /postcss-selector-parser@6.0.13:
    resolution: {integrity: sha512-EaV1Gl4mUEV4ddhDnv/xtj7sxwrwxdetHdWUGnT4VJQf+4d05v6lHYZr8N573k5Z0BViss7BDhfWtKS3+sfAqQ==}
    engines: {node: '>=4'}
    dependencies:
      cssesc: 3.0.0
      util-deprecate: 1.0.2
    dev: true

  /postcss-value-parser@4.2.0:
    resolution: {integrity: sha512-1NNCs6uurfkVbeXG4S8JFT9t19m45ICnif8zWLd5oPSZ50QnwMfK+H3jv408d4jw/7Bttv5axS5IiHoLaVNHeQ==}
    dev: true

  /postcss@8.4.24:
    resolution: {integrity: sha512-M0RzbcI0sO/XJNucsGjvWU9ERWxb/ytp1w6dKtxTKgixdtQDq4rmx/g8W1hnaheq9jgwL/oyEdH5Bc4WwJKMqg==}
    engines: {node: ^10 || ^12 || >=14}
    dependencies:
      nanoid: 3.3.6
      picocolors: 1.0.0
      source-map-js: 1.0.2
    dev: true

  /proxy-from-env@1.1.0:
    resolution: {integrity: sha512-D+zkORCbA9f1tdWRK0RaCR3GPv50cMxcrz4X8k5LTSUD1Dkw47mKJEZQNunItRTkWwgtaUSo1RVFRIG9ZXiFYg==}

  /resolve@1.22.2:
    resolution: {integrity: sha512-Sb+mjNHOULsBv818T40qSPeRiuWLyaGMa5ewydRLFimneixmVy2zdivRl+AF6jaYPC8ERxGDmFSiqui6SfPd+g==}
    hasBin: true
    dependencies:
      is-core-module: 2.12.1
      path-parse: 1.0.7
      supports-preserve-symlinks-flag: 1.0.0
    dev: true

  /rollup@2.79.1:
    resolution: {integrity: sha512-uKxbd0IhMZOhjAiD5oAFp7BqvkA4Dv47qpOCtaNvng4HBwdbWtdOh8f5nZNuk2rp51PMGk3bzfWu5oayNEuYnw==}
    engines: {node: '>=10.0.0'}
    hasBin: true
    optionalDependencies:
      fsevents: 2.3.2
    dev: true

  /source-map-js@1.0.2:
    resolution: {integrity: sha512-R0XvVJ9WusLiqTCEiGCmICCMplcCkIwwR11mOSD9CR5u+IXYdiseeEuXCVAjS54zqwkLcPNnmU4OeJ6tUrWhDw==}
    engines: {node: '>=0.10.0'}
    dev: true

  /source-map@0.6.1:
    resolution: {integrity: sha512-UjgapumWlbMhkBgzT7Ykc5YXUT46F0iKu8SGXq0bcwP5dz/h0Plj6enJqjz1Zbq2l5WaqYnrVbwWOWMyF3F47g==}
    engines: {node: '>=0.10.0'}

  /sourcemap-codec@1.4.8:
    resolution: {integrity: sha512-9NykojV5Uih4lgo5So5dtw+f0JgJX30KCNI8gwhz2J9A15wD0Ml6tjHKwf6fTSa6fAdVBdZeNOs9eJ71qCk8vA==}
    deprecated: Please use @jridgewell/sourcemap-codec instead
    dev: true

  /string-hash@1.1.3:
    resolution: {integrity: sha512-kJUvRUFK49aub+a7T1nNE66EJbZBMnBgoC1UbCZ5n6bsZKBRga4KgBRTMn/pFkeCZSYtNeSyMxPDM0AXWELk2A==}
    dev: true

  /supports-preserve-symlinks-flag@1.0.0:
    resolution: {integrity: sha512-ot0WnXS9fgdkgIcePe6RHNk1WA8+muPa6cSjeR3V8K27q9BB1rTE3R1p7Hv0z1ZyAc8s6Vvv8DIyWf681MAt0w==}
    engines: {node: '>= 0.4'}
    dev: true

  /to-fast-properties@2.0.0:
    resolution: {integrity: sha512-/OaKK0xYrs3DmxRYqL/yDc+FxFUVYhDlXMhRmv3z915w2HF1tnN1omB354j8VUGO/hbRzyD6Y3sA7v7GS/ceog==}
    engines: {node: '>=4'}

  /util-deprecate@1.0.2:
    resolution: {integrity: sha512-EPD5q1uXyFxJpCrLnCc1nHnq3gOa6DZBocAIiI2TaSCA7VCJ1UJDMagCzIkXNsUYfD1daK//LTEQ8xiIbrHtcw==}
    dev: true

  /vite@2.5.2:
    resolution: {integrity: sha512-JK5uhiVyMqHiAJbgBa8rCvpP8bEhAE9dKDv1gCmP+EUP2FSPmEeW3WXlCXauPB3MDa8behPW+ntyNXqnGaxslg==}
    engines: {node: '>=12.2.0'}
    hasBin: true
    dependencies:
      esbuild: 0.12.29
      postcss: 8.4.24
      resolve: 1.22.2
      rollup: 2.79.1
    optionalDependencies:
      fsevents: 2.3.2
    dev: true

  /vue-demi@0.14.5(vue@3.2.8):
    resolution: {integrity: sha512-o9NUVpl/YlsGJ7t+xuqJKx8EBGf1quRhCiT6D/J0pfwmk9zUwYkC7yrF4SZCe6fETvSM3UNL2edcbYrSyc4QHA==}
    engines: {node: '>=12'}
    hasBin: true
    requiresBuild: true
    peerDependencies:
      '@vue/composition-api': ^1.0.0-rc.1
      vue: ^3.0.0-0 || ^2.6.0
    peerDependenciesMeta:
      '@vue/composition-api':
        optional: true
    dependencies:
      vue: 3.2.8
    dev: false

  /vue-router@4.2.2(vue@3.2.8):
    resolution: {integrity: sha512-cChBPPmAflgBGmy3tBsjeoe3f3VOSG6naKyY5pjtrqLGbNEXdzCigFUHgBvp9e3ysAtFtEx7OLqcSDh/1Cq2TQ==}
    peerDependencies:
      vue: ^3.2.0
    dependencies:
      '@vue/devtools-api': 6.5.0
      vue: 3.2.8
    dev: false

  /vue@3.2.8:
    resolution: {integrity: sha512-x7lwdnOSkceHQUXRVVHBaZzcp6v7M2CYtSZH75zZaT1mTjB4plC4KZHKP/5jAvdqOLBHZGwDSMkWXm3YbAufrA==}
    dependencies:
      '@vue/compiler-dom': 3.2.8
      '@vue/runtime-dom': 3.2.8
      '@vue/shared': 3.2.8
    dev: false

  /yallist@3.1.1:
    resolution: {integrity: sha512-a4UGQaWPH59mOXUYnAG2ewncQS4i4F43Tv3JoAM+s2VDAmS9NsK8GpDMLrCHPksFT7h3K6TOoUNn2pb7RoXx4g==}
    dev: true
